
Microsoft Visual Studio Solution File, Format Version 12.00
# Visual Studio 14
VisualStudioVersion = 14.0.25420.1
MinimumVisualStudioVersion = 10.0.40219.1
Project("{F184B08F-C81C-45F6-A57F-5ABD9991F28F}") = "esurprenant1b1", "esurprenant1b1\esurprenant1b1.vbproj", "{ABC6A977-2EEC-4C66-AE25-C90DBCC0E403}"
EndProject
Project("{F184B08F-C81C-45F6-A57F-5ABD9991F28F}") = "Warren Project", "Warren Project\Warren Project.vbproj", "{2128BEAA-ED6B-46B5-875E-7F89DF3D8D63}"
EndProject
Project("{F184B08F-C81C-45F6-A57F-5ABD9991F28F}") = "esurprenant1C1", "esurprenant1c1\esurprenant1C1.vbproj", "{1CB2EC53-3CC4-435A-AEED-29D0A50A9651}"
EndProject
Project("{F184B08F-C81C-45F6-A57F-5ABD9991F28F}") = "esurprenant1d", "esurprenant1d1\esurprenant1d.vbproj", "{7691698E-10E6-4345-BDAA-97C98B4DAACE}"
EndProject
Project("{F184B08F-C81C-45F6-A57F-5ABD9991F28F}") = "esurprenant1e1", "esurprenant1e1\esurprenant1e1.vbproj", "{6561F37D-DF96-41A1-B742-827B6202DC59}"
EndProject
Project("{F184B08F-C81C-45F6-A57F-5ABD9991F28F}") = "esurprenant1f1", "esurprenant1f1\esurprenant1f1.vbproj", "{30E3A2D2-29C4-4373-B67C-A5D67F13C5AE}"
EndProject
Project("{F184B08F-C81C-45F6-A57F-5ABD9991F28F}") = "esurprenant1g1", "esurprenant1g1\esurprenant1g1.vbproj", "{20B0E938-403B-4B01-A3F6-C97F8FC8D552}"
EndProject
Project("{F184B08F-C81C-45F6-A57F-5ABD9991F28F}") = "esurprenant1h1", "esurprenant1h1\esurprenant1h1.vbproj", "{DACDBA1E-2324-4EE6-94A0-E702AF924DE1}"
EndProject
Project("{F184B08F-C81C-45F6-A57F-5ABD9991F28F}") = "esurprenant2a1", "esurprenant2a1\Bakery Project\esurprenant2a1.vbproj", "{56D9FA6D-502D-4EB5-AE7E-871CA067E797}"
EndProject
Project("{F184B08F-C81C-45F6-A57F-5ABD9991F28F}") = "esurprenant2b1", "esurprenant2B1\esurprenant2b1.vbproj", "{B2377263-0727-4422-80EA-289687D77A82}"
EndProject
Project("{F184B08F-C81C-45F6-A57F-5ABD9991F28F}") = "esurprenant2c1", "esurprenant2c1\esurprenant2c1.vbproj", "{E41B80B3-DB4A-4697-AF55-CA9C01187975}"
EndProject
Project("{F184B08F-C81C-45F6-A57F-5ABD9991F28F}") = "esurprenant2f1", "esurprenant2f1\esurprenant2f1.vbproj", "{78F6264D-D898-4ADB-B04E-313E7B40952A}"
EndProject
Project("{F184B08F-C81C-45F6-A57F-5ABD9991F28F}") = "esurprenant2d2", "esurprenant2d2\esurprenant2d2.vbproj", "{4FE95506-3BF8-4648-9636-67A35BB8957E}"
EndProject
Project("{F184B08F-C81C-45F6-A57F-5ABD9991F28F}") = "esurprenant2e1", "esurprenant2e1\esurprenant2e1.vbproj", "{55EDEA94-4C74-429C-92D2-3FB96B64FDC9}"
EndProject
Global
	GlobalSection(SolutionConfigurationPlatforms) = preSolution
		Debug|Any CPU = Debug|Any CPU
		Release|Any CPU = Release|Any CPU
	EndGlobalSection
	GlobalSection(ProjectConfigurationPlatforms) = postSolution
		{ABC6A977-2EEC-4C66-AE25-C90DBCC0E403}.Debug|Any CPU.ActiveCfg = Debug|Any CPU
		{ABC6A977-2EEC-4C66-AE25-C90DBCC0E403}.Debug|Any CPU.Build.0 = Debug|Any CPU
		{ABC6A977-2EEC-4C66-AE25-C90DBCC0E403}.Release|Any CPU.ActiveCfg = Release|Any CPU
		{ABC6A977-2EEC-4C66-AE25-C90DBCC0E403}.Release|Any CPU.Build.0 = Release|Any CPU
		{2128BEAA-ED6B-46B5-875E-7F89DF3D8D63}.Debug|Any CPU.ActiveCfg = Debug|Any CPU
		{2128BEAA-ED6B-46B5-875E-7F89DF3D8D63}.Debug|Any CPU.Build.0 = Debug|Any CPU
		{2128BEAA-ED6B-46B5-875E-7F89DF3D8D63}.Release|Any CPU.ActiveCfg = Release|Any CPU
		{2128BEAA-ED6B-46B5-875E-7F89DF3D8D63}.Release|Any CPU.Build.0 = Release|Any CPU
		{1CB2EC53-3CC4-435A-AEED-29D0A50A9651}.Debug|Any CPU.ActiveCfg = Debug|Any CPU
		{1CB2EC53-3CC4-435A-AEED-29D0A50A9651}.Debug|Any CPU.Build.0 = Debug|Any CPU
		{1CB2EC53-3CC4-435A-AEED-29D0A50A9651}.Release|Any CPU.ActiveCfg = Release|Any CPU
		{1CB2EC53-3CC4-435A-AEED-29D0A50A9651}.Release|Any CPU.Build.0 = Release|Any CPU
		{7691698E-10E6-4345-BDAA-97C98B4DAACE}.Debug|Any CPU.ActiveCfg = Debug|Any CPU
		{7691698E-10E6-4345-BDAA-97C98B4DAACE}.Debug|Any CPU.Build.0 = Debug|Any CPU
		{7691698E-10E6-4345-BDAA-97C98B4DAACE}.Release|Any CPU.ActiveCfg = Release|Any CPU
		{7691698E-10E6-4345-BDAA-97C98B4DAACE}.Release|Any CPU.Build.0 = Release|Any CPU
		{6561F37D-DF96-41A1-B742-827B6202DC59}.Debug|Any CPU.ActiveCfg = Debug|Any CPU
		{6561F37D-DF96-41A1-B742-827B6202DC59}.Debug|Any CPU.Build.0 = Debug|Any CPU
		{6561F37D-DF96-41A1-B742-827B6202DC59}.Release|Any CPU.ActiveCfg = Release|Any CPU
		{6561F37D-DF96-41A1-B742-827B6202DC59}.Release|Any CPU.Build.0 = Release|Any CPU
		{30E3A2D2-29C4-4373-B67C-A5D67F13C5AE}.Debug|Any CPU.ActiveCfg = Debug|Any CPU
		{30E3A2D2-29C4-4373-B67C-A5D67F13C5AE}.Debug|Any CPU.Build.0 = Debug|Any CPU
		{30E3A2D2-29C4-4373-B67C-A5D67F13C5AE}.Release|Any CPU.ActiveCfg = Release|Any CPU
		{30E3A2D2-29C4-4373-B67C-A5D67F13C5AE}.Release|Any CPU.Build.0 = Release|Any CPU
		{20B0E938-403B-4B01-A3F6-C97F8FC8D552}.Debug|Any CPU.ActiveCfg = Debug|Any CPU
		{20B0E938-403B-4B01-A3F6-C97F8FC8D552}.Debug|Any CPU.Build.0 = Debug|Any CPU
		{20B0E938-403B-4B01-A3F6-C97F8FC8D552}.Release|Any CPU.ActiveCfg = Release|Any CPU
		{20B0E938-403B-4B01-A3F6-C97F8FC8D552}.Release|Any CPU.Build.0 = Release|Any CPU
		{DACDBA1E-2324-4EE6-94A0-E702AF924DE1}.Debug|Any CPU.ActiveCfg = Debug|Any CPU
		{DACDBA1E-2324-4EE6-94A0-E702AF924DE1}.Debug|Any CPU.Build.0 = Debug|Any CPU
		{DACDBA1E-2324-4EE6-94A0-E702AF924DE1}.Release|Any CPU.ActiveCfg = Release|Any CPU
		{DACDBA1E-2324-4EE6-94A0-E702AF924DE1}.Release|Any CPU.Build.0 = Release|Any CPU
		{56D9FA6D-502D-4EB5-AE7E-871CA067E797}.Debug|Any CPU.ActiveCfg = Debug|Any CPU
		{56D9FA6D-502D-4EB5-AE7E-871CA067E797}.Debug|Any CPU.Build.0 = Debug|Any CPU
		{56D9FA6D-502D-4EB5-AE7E-871CA067E797}.Release|Any CPU.ActiveCfg = Release|Any CPU
		{56D9FA6D-502D-4EB5-AE7E-871CA067E797}.Release|Any CPU.Build.0 = Release|Any CPU
		{B2377263-0727-4422-80EA-289687D77A82}.Debug|Any CPU.ActiveCfg = Debug|Any CPU
		{B2377263-0727-4422-80EA-289687D77A82}.Debug|Any CPU.Build.0 = Debug|Any CPU
		{B2377263-0727-4422-80EA-289687D77A82}.Release|Any CPU.ActiveCfg = Release|Any CPU
		{B2377263-0727-4422-80EA-289687D77A82}.Release|Any CPU.Build.0 = Release|Any CPU
		{E41B80B3-DB4A-4697-AF55-CA9C01187975}.Debug|Any CPU.ActiveCfg = Debug|Any CPU
		{E41B80B3-DB4A-4697-AF55-CA9C01187975}.Debug|Any CPU.Build.0 = Debug|Any CPU
		{E41B80B3-DB4A-4697-AF55-CA9C01187975}.Release|Any CPU.ActiveCfg = Release|Any CPU
		{E41B80B3-DB4A-4697-AF55-CA9C01187975}.Release|Any CPU.Build.0 = Release|Any CPU
		{78F6264D-D898-4ADB-B04E-313E7B40952A}.Debug|Any CPU.ActiveCfg = Debug|Any CPU
		{78F6264D-D898-4ADB-B04E-313E7B40952A}.Debug|Any CPU.Build.0 = Debug|Any CPU
		{78F6264D-D898-4ADB-B04E-313E7B40952A}.Release|Any CPU.ActiveCfg = Release|Any CPU
		{78F6264D-D898-4ADB-B04E-313E7B40952A}.Release|Any CPU.Build.0 = Release|Any CPU
		{4FE95506-3BF8-4648-9636-67A35BB8957E}.Debug|Any CPU.ActiveCfg = Debug|Any CPU
		{4FE95506-3BF8-4648-9636-67A35BB8957E}.Debug|Any CPU.Build.0 = Debug|Any CPU
		{4FE95506-3BF8-4648-9636-67A35BB8957E}.Release|Any CPU.ActiveCfg = Release|Any CPU
		{4FE95506-3BF8-4648-9636-67A35BB8957E}.Release|Any CPU.Build.0 = Release|Any CPU
		{55EDEA94-4C74-429C-92D2-3FB96B64FDC9}.Debug|Any CPU.ActiveCfg = Debug|Any CPU
		{55EDEA94-4C74-429C-92D2-3FB96B64FDC9}.Debug|Any CPU.Build.0 = Debug|Any CPU
		{55EDEA94-4C74-429C-92D2-3FB96B64FDC9}.Release|Any CPU.ActiveCfg = Release|Any CPU
		{55EDEA94-4C74-429C-92D2-3FB96B64FDC9}.Release|Any CPU.Build.0 = Release|Any CPU
	EndGlobalSection
	GlobalSection(SolutionProperties) = preSolution
		HideSolutionNode = FALSE
	EndGlobalSection
EndGlobal
